
Microsoft Visual Studio Solution File, Format Version 12.00
# Visual Studio 14
VisualStudioVersion = 14.0.25420.1
MinimumVisualStudioVersion = 10.0.40219.1
Project("{FAE04EC0-301F-11D3-BF4B-00C04F79EFBC}") = "DineConnectXF", "DineConnectXF\DineConnectXF\DineConnectXF.csproj", "{E960BE90-5A0F-4943-AC5C-750F419F3E58}"
EndProject
Project("{FAE04EC0-301F-11D3-BF4B-00C04F79EFBC}") = "DineConnectXF.Droid", "DineConnectXF\DineConnectXF.Droid\DineConnectXF.Droid.csproj", "{CAA71CE8-23DC-4276-B1BA-A90AAEDA5044}"
EndProject
Project("{FAE04EC0-301F-11D3-BF4B-00C04F79EFBC}") = "DineConnectXF.iOS", "DineConnectXF\DineConnectXF.iOS\DineConnectXF.iOS.csproj", "{C29D5307-3B19-4220-8B71-399420AFA4E6}"
EndProject
Project("{FAE04EC0-301F-11D3-BF4B-00C04F79EFBC}") = "DineConnectXF.UWP", "DineConnectXF\DineConnectXF.UWP\DineConnectXF.UWP.csproj", "{5F1C9444-3CAA-4098-A77B-33643664C05E}"
EndProject
Global
	GlobalSection(SolutionConfigurationPlatforms) = preSolution
		Ad-Hoc|Any CPU = Ad-Hoc|Any CPU
		Ad-Hoc|ARM = Ad-Hoc|ARM
		Ad-Hoc|iPhone = Ad-Hoc|iPhone
		Ad-Hoc|iPhoneSimulator = Ad-Hoc|iPhoneSimulator
		Ad-Hoc|x64 = Ad-Hoc|x64
		Ad-Hoc|x86 = Ad-Hoc|x86
		AppStore|Any CPU = AppStore|Any CPU
		AppStore|ARM = AppStore|ARM
		AppStore|iPhone = AppStore|iPhone
		AppStore|iPhoneSimulator = AppStore|iPhoneSimulator
		AppStore|x64 = AppStore|x64
		AppStore|x86 = AppStore|x86
		Debug|Any CPU = Debug|Any CPU
		Debug|ARM = Debug|ARM
		Debug|iPhone = Debug|iPhone
		Debug|iPhoneSimulator = Debug|iPhoneSimulator
		Debug|x64 = Debug|x64
		Debug|x86 = Debug|x86
		Release|Any CPU = Release|Any CPU
		Release|ARM = Release|ARM
		Release|iPhone = Release|iPhone
		Release|iPhoneSimulator = Release|iPhoneSimulator
		Release|x64 = Release|x64
		Release|x86 = Release|x86
	EndGlobalSection
	GlobalSection(ProjectConfigurationPlatforms) = postSolution
		{E960BE90-5A0F-4943-AC5C-750F419F3E58}.Ad-Hoc|Any CPU.ActiveCfg = Release|Any CPU
		{E960BE90-5A0F-4943-AC5C-750F419F3E58}.Ad-Hoc|Any CPU.Build.0 = Release|Any CPU
		{E960BE90-5A0F-4943-AC5C-750F419F3E58}.Ad-Hoc|ARM.ActiveCfg = Release|Any CPU
		{E960BE90-5A0F-4943-AC5C-750F419F3E58}.Ad-Hoc|ARM.Build.0 = Release|Any CPU
		{E960BE90-5A0F-4943-AC5C-750F419F3E58}.Ad-Hoc|iPhone.ActiveCfg = Release|Any CPU
		{E960BE90-5A0F-4943-AC5C-750F419F3E58}.Ad-Hoc|iPhone.Build.0 = Release|Any CPU
		{E960BE90-5A0F-4943-AC5C-750F419F3E58}.Ad-Hoc|iPhoneSimulator.ActiveCfg = Release|Any CPU
		{E960BE90-5A0F-4943-AC5C-750F419F3E58}.Ad-Hoc|iPhoneSimulator.Build.0 = Release|Any CPU
		{E960BE90-5A0F-4943-AC5C-750F419F3E58}.Ad-Hoc|x64.ActiveCfg = Release|Any CPU
		{E960BE90-5A0F-4943-AC5C-750F419F3E58}.Ad-Hoc|x64.Build.0 = Release|Any CPU
		{E960BE90-5A0F-4943-AC5C-750F419F3E58}.Ad-Hoc|x86.ActiveCfg = Release|Any CPU
		{E960BE90-5A0F-4943-AC5C-750F419F3E58}.Ad-Hoc|x86.Build.0 = Release|Any CPU
		{E960BE90-5A0F-4943-AC5C-750F419F3E58}.AppStore|Any CPU.ActiveCfg = Release|Any CPU
		{E960BE90-5A0F-4943-AC5C-750F419F3E58}.AppStore|Any CPU.Build.0 = Release|Any CPU
		{E960BE90-5A0F-4943-AC5C-750F419F3E58}.AppStore|ARM.ActiveCfg = Release|Any CPU
		{E960BE90-5A0F-4943-AC5C-750F419F3E58}.AppStore|ARM.Build.0 = Release|Any CPU
		{E960BE90-5A0F-4943-AC5C-750F419F3E58}.AppStore|iPhone.ActiveCfg = Release|Any CPU
		{E960BE90-5A0F-4943-AC5C-750F419F3E58}.AppStore|iPhone.Build.0 = Release|Any CPU
		{E960BE90-5A0F-4943-AC5C-750F419F3E58}.AppStore|iPhoneSimulator.ActiveCfg = Release|Any CPU
		{E960BE90-5A0F-4943-AC5C-750F419F3E58}.AppStore|iPhoneSimulator.Build.0 = Release|Any CPU
		{E960BE90-5A0F-4943-AC5C-750F419F3E58}.AppStore|x64.ActiveCfg = Release|Any CPU
		{E960BE90-5A0F-4943-AC5C-750F419F3E58}.AppStore|x64.Build.0 = Release|Any CPU
		{E960BE90-5A0F-4943-AC5C-750F419F3E58}.AppStore|x86.ActiveCfg = Release|Any CPU
		{E960BE90-5A0F-4943-AC5C-750F419F3E58}.AppStore|x86.Build.0 = Release|Any CPU
		{E960BE90-5A0F-4943-AC5C-750F419F3E58}.Debug|Any CPU.ActiveCfg = Debug|Any CPU
		{E960BE90-5A0F-4943-AC5C-750F419F3E58}.Debug|Any CPU.Build.0 = Debug|Any CPU
		{E960BE90-5A0F-4943-AC5C-750F419F3E58}.Debug|ARM.ActiveCfg = Debug|Any CPU
		{E960BE90-5A0F-4943-AC5C-750F419F3E58}.Debug|ARM.Build.0 = Debug|Any CPU
		{E960BE90-5A0F-4943-AC5C-750F419F3E58}.Debug|iPhone.ActiveCfg = Debug|Any CPU
		{E960BE90-5A0F-4943-AC5C-750F419F3E58}.Debug|iPhone.Build.0 = Debug|Any CPU
		{E960BE90-5A0F-4943-AC5C-750F419F3E58}.Debug|iPhoneSimulator.ActiveCfg = Debug|Any CPU
		{E960BE90-5A0F-4943-AC5C-750F419F3E58}.Debug|iPhoneSimulator.Build.0 = Debug|Any CPU
		{E960BE90-5A0F-4943-AC5C-750F419F3E58}.Debug|x64.ActiveCfg = Debug|Any CPU
		{E960BE90-5A0F-4943-AC5C-750F419F3E58}.Debug|x64.Build.0 = Debug|Any CPU
		{E960BE90-5A0F-4943-AC5C-750F419F3E58}.Debug|x86.ActiveCfg = Debug|Any CPU
		{E960BE90-5A0F-4943-AC5C-750F419F3E58}.Debug|x86.Build.0 = Debug|Any CPU
		{E960BE90-5A0F-4943-AC5C-750F419F3E58}.Release|Any CPU.ActiveCfg = Release|Any CPU
		{E960BE90-5A0F-4943-AC5C-750F419F3E58}.Release|Any CPU.Build.0 = Release|Any CPU
		{E960BE90-5A0F-4943-AC5C-750F419F3E58}.Release|ARM.ActiveCfg = Release|Any CPU
		{E960BE90-5A0F-4943-AC5C-750F419F3E58}.Release|ARM.Build.0 = Release|Any CPU
		{E960BE90-5A0F-4943-AC5C-750F419F3E58}.Release|iPhone.ActiveCfg = Release|Any CPU
		{E960BE90-5A0F-4943-AC5C-750F419F3E58}.Release|iPhone.Build.0 = Release|Any CPU
		{E960BE90-5A0F-4943-AC5C-750F419F3E58}.Release|iPhoneSimulator.ActiveCfg = Release|Any CPU
		{E960BE90-5A0F-4943-AC5C-750F419F3E58}.Release|iPhoneSimulator.Build.0 = Release|Any CPU
		{E960BE90-5A0F-4943-AC5C-750F419F3E58}.Release|x64.ActiveCfg = Release|Any CPU
		{E960BE90-5A0F-4943-AC5C-750F419F3E58}.Release|x64.Build.0 = Release|Any CPU
		{E960BE90-5A0F-4943-AC5C-750F419F3E58}.Release|x86.ActiveCfg = Release|Any CPU
		{E960BE90-5A0F-4943-AC5C-750F419F3E58}.Release|x86.Build.0 = Release|Any CPU
		{CAA71CE8-23DC-4276-B1BA-A90AAEDA5044}.Ad-Hoc|Any CPU.ActiveCfg = Release|Any CPU
		{CAA71CE8-23DC-4276-B1BA-A90AAEDA5044}.Ad-Hoc|Any CPU.Build.0 = Release|Any CPU
		{CAA71CE8-23DC-4276-B1BA-A90AAEDA5044}.Ad-Hoc|Any CPU.Deploy.0 = Release|Any CPU
		{CAA71CE8-23DC-4276-B1BA-A90AAEDA5044}.Ad-Hoc|ARM.ActiveCfg = Release|Any CPU
		{CAA71CE8-23DC-4276-B1BA-A90AAEDA5044}.Ad-Hoc|ARM.Build.0 = Release|Any CPU
		{CAA71CE8-23DC-4276-B1BA-A90AAEDA5044}.Ad-Hoc|ARM.Deploy.0 = Release|Any CPU
		{CAA71CE8-23DC-4276-B1BA-A90AAEDA5044}.Ad-Hoc|iPhone.ActiveCfg = Release|Any CPU
		{CAA71CE8-23DC-4276-B1BA-A90AAEDA5044}.Ad-Hoc|iPhone.Build.0 = Release|Any CPU
		{CAA71CE8-23DC-4276-B1BA-A90AAEDA5044}.Ad-Hoc|iPhone.Deploy.0 = Release|Any CPU
		{CAA71CE8-23DC-4276-B1BA-A90AAEDA5044}.Ad-Hoc|iPhoneSimulator.ActiveCfg = Release|Any CPU
		{CAA71CE8-23DC-4276-B1BA-A90AAEDA5044}.Ad-Hoc|iPhoneSimulator.Build.0 = Release|Any CPU
		{CAA71CE8-23DC-4276-B1BA-A90AAEDA5044}.Ad-Hoc|iPhoneSimulator.Deploy.0 = Release|Any CPU
		{CAA71CE8-23DC-4276-B1BA-A90AAEDA5044}.Ad-Hoc|x64.ActiveCfg = Release|Any CPU
		{CAA71CE8-23DC-4276-B1BA-A90AAEDA5044}.Ad-Hoc|x64.Build.0 = Release|Any CPU
		{CAA71CE8-23DC-4276-B1BA-A90AAEDA5044}.Ad-Hoc|x64.Deploy.0 = Release|Any CPU
		{CAA71CE8-23DC-4276-B1BA-A90AAEDA5044}.Ad-Hoc|x86.ActiveCfg = Release|Any CPU
		{CAA71CE8-23DC-4276-B1BA-A90AAEDA5044}.Ad-Hoc|x86.Build.0 = Release|Any CPU
		{CAA71CE8-23DC-4276-B1BA-A90AAEDA5044}.Ad-Hoc|x86.Deploy.0 = Release|Any CPU
		{CAA71CE8-23DC-4276-B1BA-A90AAEDA5044}.AppStore|Any CPU.ActiveCfg = Release|Any CPU
		{CAA71CE8-23DC-4276-B1BA-A90AAEDA5044}.AppStore|Any CPU.Build.0 = Release|Any CPU
		{CAA71CE8-23DC-4276-B1BA-A90AAEDA5044}.AppStore|Any CPU.Deploy.0 = Release|Any CPU
		{CAA71CE8-23DC-4276-B1BA-A90AAEDA5044}.AppStore|ARM.ActiveCfg = Release|Any CPU
		{CAA71CE8-23DC-4276-B1BA-A90AAEDA5044}.AppStore|ARM.Build.0 = Release|Any CPU
		{CAA71CE8-23DC-4276-B1BA-A90AAEDA5044}.AppStore|ARM.Deploy.0 = Release|Any CPU
		{CAA71CE8-23DC-4276-B1BA-A90AAEDA5044}.AppStore|iPhone.ActiveCfg = Release|Any CPU
		{CAA71CE8-23DC-4276-B1BA-A90AAEDA5044}.AppStore|iPhone.Build.0 = Release|Any CPU
		{CAA71CE8-23DC-4276-B1BA-A90AAEDA5044}.AppStore|iPhone.Deploy.0 = Release|Any CPU
		{CAA71CE8-23DC-4276-B1BA-A90AAEDA5044}.AppStore|iPhoneSimulator.ActiveCfg = Release|Any CPU
		{CAA71CE8-23DC-4276-B1BA-A90AAEDA5044}.AppStore|iPhoneSimulator.Build.0 = Release|Any CPU
		{CAA71CE8-23DC-4276-B1BA-A90AAEDA5044}.AppStore|iPhoneSimulator.Deploy.0 = Release|Any CPU
		{CAA71CE8-23DC-4276-B1BA-A90AAEDA5044}.AppStore|x64.ActiveCfg = Release|Any CPU
		{CAA71CE8-23DC-4276-B1BA-A90AAEDA5044}.AppStore|x64.Build.0 = Release|Any CPU
		{CAA71CE8-23DC-4276-B1BA-A90AAEDA5044}.AppStore|x64.Deploy.0 = Release|Any CPU
		{CAA71CE8-23DC-4276-B1BA-A90AAEDA5044}.AppStore|x86.ActiveCfg = Release|Any CPU
		{CAA71CE8-23DC-4276-B1BA-A90AAEDA5044}.AppStore|x86.Build.0 = Release|Any CPU
		{CAA71CE8-23DC-4276-B1BA-A90AAEDA5044}.AppStore|x86.Deploy.0 = Release|Any CPU
		{CAA71CE8-23DC-4276-B1BA-A90AAEDA5044}.Debug|Any CPU.ActiveCfg = Debug|Any CPU
		{CAA71CE8-23DC-4276-B1BA-A90AAEDA5044}.Debug|Any CPU.Build.0 = Debug|Any CPU
		{CAA71CE8-23DC-4276-B1BA-A90AAEDA5044}.Debug|Any CPU.Deploy.0 = Debug|Any CPU
		{CAA71CE8-23DC-4276-B1BA-A90AAEDA5044}.Debug|ARM.ActiveCfg = Debug|Any CPU
		{CAA71CE8-23DC-4276-B1BA-A90AAEDA5044}.Debug|ARM.Build.0 = Debug|Any CPU
		{CAA71CE8-23DC-4276-B1BA-A90AAEDA5044}.Debug|ARM.Deploy.0 = Debug|Any CPU
		{CAA71CE8-23DC-4276-B1BA-A90AAEDA5044}.Debug|iPhone.ActiveCfg = Debug|Any CPU
		{CAA71CE8-23DC-4276-B1BA-A90AAEDA5044}.Debug|iPhone.Build.0 = Debug|Any CPU
		{CAA71CE8-23DC-4276-B1BA-A90AAEDA5044}.Debug|iPhone.Deploy.0 = Debug|Any CPU
		{CAA71CE8-23DC-4276-B1BA-A90AAEDA5044}.Debug|iPhoneSimulator.ActiveCfg = Debug|Any CPU
		{CAA71CE8-23DC-4276-B1BA-A90AAEDA5044}.Debug|iPhoneSimulator.Build.0 = Debug|Any CPU
		{CAA71CE8-23DC-4276-B1BA-A90AAEDA5044}.Debug|iPhoneSimulator.Deploy.0 = Debug|Any CPU
		{CAA71CE8-23DC-4276-B1BA-A90AAEDA5044}.Debug|x64.ActiveCfg = Debug|Any CPU
		{CAA71CE8-23DC-4276-B1BA-A90AAEDA5044}.Debug|x64.Build.0 = Debug|Any CPU
		{CAA71CE8-23DC-4276-B1BA-A90AAEDA5044}.Debug|x64.Deploy.0 = Debug|Any CPU
		{CAA71CE8-23DC-4276-B1BA-A90AAEDA5044}.Debug|x86.ActiveCfg = Debug|Any CPU
		{CAA71CE8-23DC-4276-B1BA-A90AAEDA5044}.Debug|x86.Build.0 = Debug|Any CPU
		{CAA71CE8-23DC-4276-B1BA-A90AAEDA5044}.Debug|x86.Deploy.0 = Debug|Any CPU
		{CAA71CE8-23DC-4276-B1BA-A90AAEDA5044}.Release|Any CPU.ActiveCfg = Release|Any CPU
		{CAA71CE8-23DC-4276-B1BA-A90AAEDA5044}.Release|Any CPU.Build.0 = Release|Any CPU
		{CAA71CE8-23DC-4276-B1BA-A90AAEDA5044}.Release|Any CPU.Deploy.0 = Release|Any CPU
		{CAA71CE8-23DC-4276-B1BA-A90AAEDA5044}.Release|ARM.ActiveCfg = Release|Any CPU
		{CAA71CE8-23DC-4276-B1BA-A90AAEDA5044}.Release|ARM.Build.0 = Release|Any CPU
		{CAA71CE8-23DC-4276-B1BA-A90AAEDA5044}.Release|ARM.Deploy.0 = Release|Any CPU
		{CAA71CE8-23DC-4276-B1BA-A90AAEDA5044}.Release|iPhone.ActiveCfg = Release|Any CPU
		{CAA71CE8-23DC-4276-B1BA-A90AAEDA5044}.Release|iPhone.Build.0 = Release|Any CPU
		{CAA71CE8-23DC-4276-B1BA-A90AAEDA5044}.Release|iPhone.Deploy.0 = Release|Any CPU
		{CAA71CE8-23DC-4276-B1BA-A90AAEDA5044}.Release|iPhoneSimulator.ActiveCfg = Release|Any CPU
		{CAA71CE8-23DC-4276-B1BA-A90AAEDA5044}.Release|iPhoneSimulator.Build.0 = Release|Any CPU
		{CAA71CE8-23DC-4276-B1BA-A90AAEDA5044}.Release|iPhoneSimulator.Deploy.0 = Release|Any CPU
		{CAA71CE8-23DC-4276-B1BA-A90AAEDA5044}.Release|x64.ActiveCfg = Release|Any CPU
		{CAA71CE8-23DC-4276-B1BA-A90AAEDA5044}.Release|x64.Build.0 = Release|Any CPU
		{CAA71CE8-23DC-4276-B1BA-A90AAEDA5044}.Release|x64.Deploy.0 = Release|Any CPU
		{CAA71CE8-23DC-4276-B1BA-A90AAEDA5044}.Release|x86.ActiveCfg = Release|Any CPU
		{CAA71CE8-23DC-4276-B1BA-A90AAEDA5044}.Release|x86.Build.0 = Release|Any CPU
		{CAA71CE8-23DC-4276-B1BA-A90AAEDA5044}.Release|x86.Deploy.0 = Release|Any CPU
		{C29D5307-3B19-4220-8B71-399420AFA4E6}.Ad-Hoc|Any CPU.ActiveCfg = Ad-Hoc|iPhone
		{C29D5307-3B19-4220-8B71-399420AFA4E6}.Ad-Hoc|ARM.ActiveCfg = Ad-Hoc|iPhone
		{C29D5307-3B19-4220-8B71-399420AFA4E6}.Ad-Hoc|iPhone.ActiveCfg = Ad-Hoc|iPhone
		{C29D5307-3B19-4220-8B71-399420AFA4E6}.Ad-Hoc|iPhone.Build.0 = Ad-Hoc|iPhone
		{C29D5307-3B19-4220-8B71-399420AFA4E6}.Ad-Hoc|iPhoneSimulator.ActiveCfg = Ad-Hoc|iPhoneSimulator
		{C29D5307-3B19-4220-8B71-399420AFA4E6}.Ad-Hoc|iPhoneSimulator.Build.0 = Ad-Hoc|iPhoneSimulator
		{C29D5307-3B19-4220-8B71-399420AFA4E6}.Ad-Hoc|x64.ActiveCfg = Ad-Hoc|iPhone
		{C29D5307-3B19-4220-8B71-399420AFA4E6}.Ad-Hoc|x86.ActiveCfg = Ad-Hoc|iPhone
		{C29D5307-3B19-4220-8B71-399420AFA4E6}.AppStore|Any CPU.ActiveCfg = AppStore|iPhone
		{C29D5307-3B19-4220-8B71-399420AFA4E6}.AppStore|ARM.ActiveCfg = AppStore|iPhone
		{C29D5307-3B19-4220-8B71-399420AFA4E6}.AppStore|iPhone.ActiveCfg = AppStore|iPhone
		{C29D5307-3B19-4220-8B71-399420AFA4E6}.AppStore|iPhone.Build.0 = AppStore|iPhone
		{C29D5307-3B19-4220-8B71-399420AFA4E6}.AppStore|iPhoneSimulator.ActiveCfg = AppStore|iPhoneSimulator
		{C29D5307-3B19-4220-8B71-399420AFA4E6}.AppStore|iPhoneSimulator.Build.0 = AppStore|iPhoneSimulator
		{C29D5307-3B19-4220-8B71-399420AFA4E6}.AppStore|x64.ActiveCfg = AppStore|iPhone
		{C29D5307-3B19-4220-8B71-399420AFA4E6}.AppStore|x86.ActiveCfg = AppStore|iPhone
		{C29D5307-3B19-4220-8B71-399420AFA4E6}.Debug|Any CPU.ActiveCfg = Debug|iPhone
		{C29D5307-3B19-4220-8B71-399420AFA4E6}.Debug|ARM.ActiveCfg = Debug|iPhone
		{C29D5307-3B19-4220-8B71-399420AFA4E6}.Debug|iPhone.ActiveCfg = Debug|iPhone
		{C29D5307-3B19-4220-8B71-399420AFA4E6}.Debug|iPhone.Build.0 = Debug|iPhone
		{C29D5307-3B19-4220-8B71-399420AFA4E6}.Debug|iPhoneSimulator.ActiveCfg = Debug|iPhoneSimulator
		{C29D5307-3B19-4220-8B71-399420AFA4E6}.Debug|iPhoneSimulator.Build.0 = Debug|iPhoneSimulator
		{C29D5307-3B19-4220-8B71-399420AFA4E6}.Debug|x64.ActiveCfg = Debug|iPhone
		{C29D5307-3B19-4220-8B71-399420AFA4E6}.Debug|x86.ActiveCfg = Debug|iPhone
		{C29D5307-3B19-4220-8B71-399420AFA4E6}.Release|Any CPU.ActiveCfg = Release|iPhone
		{C29D5307-3B19-4220-8B71-399420AFA4E6}.Release|ARM.ActiveCfg = Release|iPhone
		{C29D5307-3B19-4220-8B71-399420AFA4E6}.Release|iPhone.ActiveCfg = Release|iPhone
		{C29D5307-3B19-4220-8B71-399420AFA4E6}.Release|iPhone.Build.0 = Release|iPhone
		{C29D5307-3B19-4220-8B71-399420AFA4E6}.Release|iPhoneSimulator.ActiveCfg = Release|iPhoneSimulator
		{C29D5307-3B19-4220-8B71-399420AFA4E6}.Release|iPhoneSimulator.Build.0 = Release|iPhoneSimulator
		{C29D5307-3B19-4220-8B71-399420AFA4E6}.Release|x64.ActiveCfg = Release|iPhone
		{C29D5307-3B19-4220-8B71-399420AFA4E6}.Release|x86.ActiveCfg = Release|iPhone
		{5F1C9444-3CAA-4098-A77B-33643664C05E}.Ad-Hoc|Any CPU.ActiveCfg = Release|x86
		{5F1C9444-3CAA-4098-A77B-33643664C05E}.Ad-Hoc|Any CPU.Build.0 = Release|x86
		{5F1C9444-3CAA-4098-A77B-33643664C05E}.Ad-Hoc|Any CPU.Deploy.0 = Release|x86
		{5F1C9444-3CAA-4098-A77B-33643664C05E}.Ad-Hoc|ARM.ActiveCfg = Release|ARM
		{5F1C9444-3CAA-4098-A77B-33643664C05E}.Ad-Hoc|ARM.Build.0 = Release|ARM
		{5F1C9444-3CAA-4098-A77B-33643664C05E}.Ad-Hoc|ARM.Deploy.0 = Release|ARM
		{5F1C9444-3CAA-4098-A77B-33643664C05E}.Ad-Hoc|iPhone.ActiveCfg = Release|x86
		{5F1C9444-3CAA-4098-A77B-33643664C05E}.Ad-Hoc|iPhone.Build.0 = Release|x86
		{5F1C9444-3CAA-4098-A77B-33643664C05E}.Ad-Hoc|iPhone.Deploy.0 = Release|x86
		{5F1C9444-3CAA-4098-A77B-33643664C05E}.Ad-Hoc|iPhoneSimulator.ActiveCfg = Release|x86
		{5F1C9444-3CAA-4098-A77B-33643664C05E}.Ad-Hoc|iPhoneSimulator.Build.0 = Release|x86
		{5F1C9444-3CAA-4098-A77B-33643664C05E}.Ad-Hoc|iPhoneSimulator.Deploy.0 = Release|x86
		{5F1C9444-3CAA-4098-A77B-33643664C05E}.Ad-Hoc|x64.ActiveCfg = Release|x64
		{5F1C9444-3CAA-4098-A77B-33643664C05E}.Ad-Hoc|x64.Build.0 = Release|x64
		{5F1C9444-3CAA-4098-A77B-33643664C05E}.Ad-Hoc|x64.Deploy.0 = Release|x64
		{5F1C9444-3CAA-4098-A77B-33643664C05E}.Ad-Hoc|x86.ActiveCfg = Release|x86
		{5F1C9444-3CAA-4098-A77B-33643664C05E}.Ad-Hoc|x86.Build.0 = Release|x86
		{5F1C9444-3CAA-4098-A77B-33643664C05E}.Ad-Hoc|x86.Deploy.0 = Release|x86
		{5F1C9444-3CAA-4098-A77B-33643664C05E}.AppStore|Any CPU.ActiveCfg = Release|x86
		{5F1C9444-3CAA-4098-A77B-33643664C05E}.AppStore|Any CPU.Build.0 = Release|x86
		{5F1C9444-3CAA-4098-A77B-33643664C05E}.AppStore|Any CPU.Deploy.0 = Release|x86
		{5F1C9444-3CAA-4098-A77B-33643664C05E}.AppStore|ARM.ActiveCfg = Release|ARM
		{5F1C9444-3CAA-4098-A77B-33643664C05E}.AppStore|ARM.Build.0 = Release|ARM
		{5F1C9444-3CAA-4098-A77B-33643664C05E}.AppStore|ARM.Deploy.0 = Release|ARM
		{5F1C9444-3CAA-4098-A77B-33643664C05E}.AppStore|iPhone.ActiveCfg = Release|x86
		{5F1C9444-3CAA-4098-A77B-33643664C05E}.AppStore|iPhone.Build.0 = Release|x86
		{5F1C9444-3CAA-4098-A77B-33643664C05E}.AppStore|iPhone.Deploy.0 = Release|x86
		{5F1C9444-3CAA-4098-A77B-33643664C05E}.AppStore|iPhoneSimulator.ActiveCfg = Release|x86
		{5F1C9444-3CAA-4098-A77B-33643664C05E}.AppStore|iPhoneSimulator.Build.0 = Release|x86
		{5F1C9444-3CAA-4098-A77B-33643664C05E}.AppStore|iPhoneSimulator.Deploy.0 = Release|x86
		{5F1C9444-3CAA-4098-A77B-33643664C05E}.AppStore|x64.ActiveCfg = Release|x64
		{5F1C9444-3CAA-4098-A77B-33643664C05E}.AppStore|x64.Build.0 = Release|x64
		{5F1C9444-3CAA-4098-A77B-33643664C05E}.AppStore|x64.Deploy.0 = Release|x64
		{5F1C9444-3CAA-4098-A77B-33643664C05E}.AppStore|x86.ActiveCfg = Release|x86
		{5F1C9444-3CAA-4098-A77B-33643664C05E}.AppStore|x86.Build.0 = Release|x86
		{5F1C9444-3CAA-4098-A77B-33643664C05E}.AppStore|x86.Deploy.0 = Release|x86
		{5F1C9444-3CAA-4098-A77B-33643664C05E}.Debug|Any CPU.ActiveCfg = Debug|x86
		{5F1C9444-3CAA-4098-A77B-33643664C05E}.Debug|ARM.ActiveCfg = Debug|ARM
		{5F1C9444-3CAA-4098-A77B-33643664C05E}.Debug|ARM.Build.0 = Debug|ARM
		{5F1C9444-3CAA-4098-A77B-33643664C05E}.Debug|ARM.Deploy.0 = Debug|ARM
		{5F1C9444-3CAA-4098-A77B-33643664C05E}.Debug|iPhone.ActiveCfg = Debug|x86
		{5F1C9444-3CAA-4098-A77B-33643664C05E}.Debug|iPhoneSimulator.ActiveCfg = Debug|x86
		{5F1C9444-3CAA-4098-A77B-33643664C05E}.Debug|x64.ActiveCfg = Debug|x64
		{5F1C9444-3CAA-4098-A77B-33643664C05E}.Debug|x64.Build.0 = Debug|x64
		{5F1C9444-3CAA-4098-A77B-33643664C05E}.Debug|x64.Deploy.0 = Debug|x64
		{5F1C9444-3CAA-4098-A77B-33643664C05E}.Debug|x86.ActiveCfg = Debug|x86
		{5F1C9444-3CAA-4098-A77B-33643664C05E}.Debug|x86.Build.0 = Debug|x86
		{5F1C9444-3CAA-4098-A77B-33643664C05E}.Debug|x86.Deploy.0 = Debug|x86
		{5F1C9444-3CAA-4098-A77B-33643664C05E}.Release|Any CPU.ActiveCfg = Release|x86
		{5F1C9444-3CAA-4098-A77B-33643664C05E}.Release|ARM.ActiveCfg = Release|ARM
		{5F1C9444-3CAA-4098-A77B-33643664C05E}.Release|ARM.Build.0 = Release|ARM
		{5F1C9444-3CAA-4098-A77B-33643664C05E}.Release|ARM.Deploy.0 = Release|ARM
		{5F1C9444-3CAA-4098-A77B-33643664C05E}.Release|iPhone.ActiveCfg = Release|x86
		{5F1C9444-3CAA-4098-A77B-33643664C05E}.Release|iPhoneSimulator.ActiveCfg = Release|x86
		{5F1C9444-3CAA-4098-A77B-33643664C05E}.Release|x64.ActiveCfg = Release|x64
		{5F1C9444-3CAA-4098-A77B-33643664C05E}.Release|x64.Build.0 = Release|x64
		{5F1C9444-3CAA-4098-A77B-33643664C05E}.Release|x64.Deploy.0 = Release|x64
		{5F1C9444-3CAA-4098-A77B-33643664C05E}.Release|x86.ActiveCfg = Release|x86
		{5F1C9444-3CAA-4098-A77B-33643664C05E}.Release|x86.Build.0 = Release|x86
		{5F1C9444-3CAA-4098-A77B-33643664C05E}.Release|x86.Deploy.0 = Release|x86
	EndGlobalSection
	GlobalSection(SolutionProperties) = preSolution
		HideSolutionNode = FALSE
	EndGlobalSection
EndGlobal
